
Microsoft Visual Studio Solution File, Format Version 12.00
# Visual Studio Version 17
VisualStudioVersion = 17.3.32922.545
MinimumVisualStudioVersion = 10.0.40219.1
Project("{FAE04EC0-301F-11D3-BF4B-00C04F79EFBC}") = "DeskClock", "DeskClock.csproj", "{E1E63B93-2C9C-4E18-ABA6-919C8CE495E2}"
EndProject
Global
	GlobalSection(SolutionConfigurationPlatforms) = preSolution
		Debug|Any CPU = Debug|Any CPU
		Release|Any CPU = Release|Any CPU
	EndGlobalSection
	GlobalSection(ProjectConfigurationPlatforms) = postSolution
		{E1E63B93-2C9C-4E18-ABA6-919C8CE495E2}.Debug|Any CPU.ActiveCfg = Debug|Any CPU
		{E1E63B93-2C9C-4E18-ABA6-919C8CE495E2}.Debug|Any CPU.Build.0 = Debug|Any CPU
		{E1E63B93-2C9C-4E18-ABA6-919C8CE495E2}.Release|Any CPU.ActiveCfg = Release|Any CPU
		{E1E63B93-2C9C-4E18-ABA6-919C8CE495E2}.Release|Any CPU.Build.0 = Release|Any CPU
	EndGlobalSection
	GlobalSection(SolutionProperties) = preSolution
		HideSolutionNode = FALSE
	EndGlobalSection
	GlobalSection(ExtensibilityGlobals) = postSolution
		SolutionGuid = {BD5A6B38-7432-4E38-A18E-CB5E3DFBDFF0}
	EndGlobalSection
EndGlobal
